# This file is automatically @generated by Poetry 2.2.1 and should not be changed by hand.

[[package]]
name = "libmidi"
version = "1.1.0"
description = "MIDI library"
optional = false
python-versions = ">=3.8,<4.0"
groups = ["main"]
files = [
    {file = "libmidi-1.1.0-py3-none-any.whl", hash = "sha256:825d9711ba0c8d2a27150112f0a84e166a65fa703cb293549ac9b56f686b79d2"},
    {file = "libmidi-1.1.0.tar.gz", hash = "sha256:119e70134cd059fad8bdb335b948d7d6187e6dc9b9458699cee1338b4776a100"},
]

[package.extras]
docs = ["sphinx (>=5.0.1,<6.0.0)", "sphinx-rtd-theme (>=1.0.0,<2.0.0)"]

[[package]]
name = "libmidi-io"
version = "1.1.0"
description = "MIDI I/O utils"
optional = false
python-versions = "<4.0,>=3.8"
groups = ["main"]
files = [
    {file = "libmidi_io-1.1.0-py3-none-any.whl", hash = "sha256:39f210403501f87a52598d52db4e596c743507ba66848ec6b56551252120db23"},
    {file = "libmidi_io-1.1.0.tar.gz", hash = "sha256:5d6abbf46855efe99ffc0941f3f46eeb42a3120dd72b9a33743062dd2f276715"},
]

[package.dependencies]
libmidi = ">=1.1.0,<2.0.0"

[[package]]
name = "pyside6"
version = "6.10.2"
description = "Python bindings for the Qt cross-platform application and UI framework"
optional = false
python-versions = "<3.15,>=3.9"
groups = ["main"]
files = [
    {file = "pyside6-6.10.2-cp39-abi3-macosx_13_0_universal2.whl", hash = "sha256:4b084293caa7845d0064aaf6af258e0f7caae03a14a33537d0a552131afddaf0"},
    {file = "pyside6-6.10.2-cp39-abi3-manylinux_2_34_x86_64.whl", hash = "sha256:1b89ce8558d4b4f35b85bff1db90d680912e4d3ce9e79ff804d6fef1d1a151ef"},
    {file = "pyside6-6.10.2-cp39-abi3-manylinux_2_39_aarch64.whl", hash = "sha256:0439f5e9b10ebe6177981bac9e219096ec970ac6ec215bef055279802ba50601"},
    {file = "pyside6-6.10.2-cp39-abi3-win_amd64.whl", hash = "sha256:032bad6b18a17fcbf4dddd0397f49b07f8aae7f1a45b7e4de7037bf7fd6e0edf"},
    {file = "pyside6-6.10.2-cp39-abi3-win_arm64.whl", hash = "sha256:65a59ad0bc92525639e3268d590948ce07a80ee97b55e7a9200db41d493cac31"},
]

[package.dependencies]
PySide6_Addons = "6.10.2"
PySide6_Essentials = "6.10.2"
shiboken6 = "6.10.2"

[[package]]
name = "pyside6-addons"
version = "6.10.2"
description = "Python bindings for the Qt cross-platform application and UI framework (Addons)"
optional = false
python-versions = "<3.15,>=3.9"
groups = ["main"]
files = [
    {file = "pyside6_addons-6.10.2-cp39-abi3-macosx_13_0_universal2.whl", hash = "sha256:0de7d0c9535e17d5e3b634b61314a1867f3b0f6d35c3d7cdc99efc353192faff"},
    {file = "pyside6_addons-6.10.2-cp39-abi3-manylinux_2_34_x86_64.whl", hash = "sha256:030a851163b51dbf0063be59e9ddb6a9e760bde89a28e461ccc81a224d286eaf"},
    {file = "pyside6_addons-6.10.2-cp39-abi3-manylinux_2_39_aarch64.whl", hash = "sha256:fcee0373e3fd7b98f014094e5e37b4a39e4de7c5a47c13f654a7d557d4a426ad"},
    {file = "pyside6_addons-6.10.2-cp39-abi3-win_amd64.whl", hash = "sha256:c20150068525a17494f3b6576c5d61c417cf9a5870659e29f5ebd83cd20a78ea"},
    {file = "pyside6_addons-6.10.2-cp39-abi3-win_arm64.whl", hash = "sha256:3d18db739b46946ba7b722d8ad4cc2097135033aa6ea57076e64d591e6a345f3"},
]

[package.dependencies]
PySide6_Essentials = "6.10.2"
shiboken6 = "6.10.2"

[[package]]
name = "pyside6-essentials"
version = "6.10.2"
description = "Python bindings for the Qt cross-platform application and UI framework (Essentials)"
optional = false
python-versions = "<3.15,>=3.9"
groups = ["main"]
files = [
    {file = "pyside6_essentials-6.10.2-cp39-abi3-macosx_13_0_universal2.whl", hash = "sha256:1dee2cb9803ff135f881dadeb5c0edcef793d1ec4f8a9140a1348cecb71074e1"},
    {file = "pyside6_essentials-6.10.2-cp39-abi3-manylinux_2_34_x86_64.whl", hash = "sha256:660aea45bfa36f1e06f799b934c2a7df963bd31abc5083e8bb8a5bfaef45686b"},
    {file = "pyside6_essentials-6.10.2-cp39-abi3-manylinux_2_39_aarch64.whl", hash = "sha256:c2b028e4c6f8047a02c31f373408e23b4eedfd405f56c6aba8d0525c29472835"},
    {file = "pyside6_essentials-6.10.2-cp39-abi3-win_amd64.whl", hash = "sha256:0741018c2b6395038cad4c41775cfae3f13a409e87995ac9f7d89e5b1fb6b22a"},
    {file = "pyside6_essentials-6.10.2-cp39-abi3-win_arm64.whl", hash = "sha256:db5f4913648bb6afddb8b347edae151ee2378f12bceb03c8b2515a530a4b38d9"},
]

[package.dependencies]
shiboken6 = "6.10.2"

[[package]]
name = "shiboken6"
version = "6.10.2"
description = "Python/C++ bindings helper module"
optional = false
python-versions = "<3.15,>=3.9"
groups = ["main"]
files = [
    {file = "shiboken6-6.10.2-cp39-abi3-macosx_13_0_universal2.whl", hash = "sha256:3bd4e94e9a3c8c1fa8362fd752d399ef39265d5264e4e37bae61cdaa2a00c8c7"},
    {file = "shiboken6-6.10.2-cp39-abi3-manylinux_2_34_x86_64.whl", hash = "sha256:ace0790032d9cb0adda644b94ee28d59410180d9773643bb6cf8438c361987ad"},
    {file = "shiboken6-6.10.2-cp39-abi3-manylinux_2_39_aarch64.whl", hash = "sha256:f74d3ed1f92658077d0630c39e694eb043aeb1d830a5d275176c45d07147427f"},
    {file = "shiboken6-6.10.2-cp39-abi3-win_amd64.whl", hash = "sha256:10f3c8c5e1b8bee779346f21c10dbc14cff068f0b0b4e62420c82a6bf36ac2e7"},
    {file = "shiboken6-6.10.2-cp39-abi3-win_arm64.whl", hash = "sha256:20c671645d70835af212ee05df60361d734c5305edb2746e9875c6a31283f963"},
]

[metadata]
lock-version = "2.1"
python-versions = ">=3.9,<3.14"
content-hash = "48d7ded1cb31f9fd066843dfc9068d7d9e63e5eaeae7f51dd6b2df8ee96af5bd"
