# This file is automatically @generated by Poetry 2.2.0 and should not be changed by hand.

[[package]]
name = "libmidi"
version = "1.1.0"
description = "MIDI library"
optional = false
python-versions = ">=3.8,<4.0"
groups = ["main"]
files = [
    {file = "libmidi-1.1.0-py3-none-any.whl", hash = "sha256:825d9711ba0c8d2a27150112f0a84e166a65fa703cb293549ac9b56f686b79d2"},
    {file = "libmidi-1.1.0.tar.gz", hash = "sha256:119e70134cd059fad8bdb335b948d7d6187e6dc9b9458699cee1338b4776a100"},
]

[package.extras]
docs = ["sphinx (>=5.0.1,<6.0.0)", "sphinx-rtd-theme (>=1.0.0,<2.0.0)"]

[[package]]
name = "libmidi-io"
version = "1.1.0"
description = "MIDI I/O utils"
optional = false
python-versions = "<4.0,>=3.8"
groups = ["main"]
files = [
    {file = "libmidi_io-1.1.0-py3-none-any.whl", hash = "sha256:39f210403501f87a52598d52db4e596c743507ba66848ec6b56551252120db23"},
    {file = "libmidi_io-1.1.0.tar.gz", hash = "sha256:5d6abbf46855efe99ffc0941f3f46eeb42a3120dd72b9a33743062dd2f276715"},
]

[package.dependencies]
libmidi = ">=1.1.0,<2.0.0"

[[package]]
name = "pyside6"
version = "6.10.0"
description = "Python bindings for the Qt cross-platform application and UI framework"
optional = false
python-versions = "<3.14,>=3.9"
groups = ["main"]
files = [
    {file = "pyside6-6.10.0-cp39-abi3-macosx_13_0_universal2.whl", hash = "sha256:c2cbc5dc2a164e3c7c51b3435e24203e90e5edd518c865466afccbd2e5872bb0"},
    {file = "pyside6-6.10.0-cp39-abi3-manylinux_2_34_x86_64.whl", hash = "sha256:ae8c3c8339cd7c3c9faa7cc5c52670dcc8662ccf4b63a6fed61c6345b90c4c01"},
    {file = "pyside6-6.10.0-cp39-abi3-manylinux_2_39_aarch64.whl", hash = "sha256:9f402f883e640048fab246d36e298a5e16df9b18ba2e8c519877e472d3602820"},
    {file = "pyside6-6.10.0-cp39-abi3-win_amd64.whl", hash = "sha256:70a8bcc73ea8d6baab70bba311eac77b9a1d31f658d0b418e15eb6ea36c97e6f"},
    {file = "pyside6-6.10.0-cp39-abi3-win_arm64.whl", hash = "sha256:4b709bdeeb89d386059343a5a706fc185cee37b517bda44c7d6b64d5fdaf3339"},
]

[package.dependencies]
PySide6_Addons = "6.10.0"
PySide6_Essentials = "6.10.0"
shiboken6 = "6.10.0"

[[package]]
name = "pyside6-addons"
version = "6.10.0"
description = "Python bindings for the Qt cross-platform application and UI framework (Addons)"
optional = false
python-versions = "<3.14,>=3.9"
groups = ["main"]
files = [
    {file = "pyside6_addons-6.10.0-cp39-abi3-macosx_13_0_universal2.whl", hash = "sha256:88e61e21ee4643cdd9efb39ec52f4dc1ac74c0b45c5b7fa453d03c094f0a8a5c"},
    {file = "pyside6_addons-6.10.0-cp39-abi3-manylinux_2_34_x86_64.whl", hash = "sha256:08d4ed46c4c9a353a9eb84134678f8fdd4ce17fb8cce2b3686172a7575025464"},
    {file = "pyside6_addons-6.10.0-cp39-abi3-manylinux_2_39_aarch64.whl", hash = "sha256:15d32229d681be0bba1b936c4a300da43d01e1917ada5b57f9e03a387c245ab0"},
    {file = "pyside6_addons-6.10.0-cp39-abi3-win_amd64.whl", hash = "sha256:99d93a32c17c5f6d797c3b90dd58f2a8bae13abde81e85802c34ceafaee11859"},
    {file = "pyside6_addons-6.10.0-cp39-abi3-win_arm64.whl", hash = "sha256:92536427413f3b6557cf53f1a515cd766725ee46a170aff57ad2ff1dfce0ffb1"},
]

[package.dependencies]
PySide6_Essentials = "6.10.0"
shiboken6 = "6.10.0"

[[package]]
name = "pyside6-essentials"
version = "6.10.0"
description = "Python bindings for the Qt cross-platform application and UI framework (Essentials)"
optional = false
python-versions = "<3.14,>=3.9"
groups = ["main"]
files = [
    {file = "pyside6_essentials-6.10.0-cp39-abi3-macosx_13_0_universal2.whl", hash = "sha256:003e871effe1f3e5b876bde715c15a780d876682005a6e989d89f48b8b93e93a"},
    {file = "pyside6_essentials-6.10.0-cp39-abi3-manylinux_2_34_x86_64.whl", hash = "sha256:1d5e013a8698e37ab8ef360e6960794eb5ef20832a8d562e649b8c5a0574b2d8"},
    {file = "pyside6_essentials-6.10.0-cp39-abi3-manylinux_2_39_aarch64.whl", hash = "sha256:b1dd0864f0577a448fb44426b91cafff7ee7cccd1782ba66491e1c668033f998"},
    {file = "pyside6_essentials-6.10.0-cp39-abi3-win_amd64.whl", hash = "sha256:fc167eb211dd1580e20ba90d299e74898e7a5a1306d832421e879641fc03b6fe"},
    {file = "pyside6_essentials-6.10.0-cp39-abi3-win_arm64.whl", hash = "sha256:6dd0936394cb14da2fd8e869899f5e0925a738b1c8d74c2f22503720ea363fb1"},
]

[package.dependencies]
shiboken6 = "6.10.0"

[[package]]
name = "shiboken6"
version = "6.10.0"
description = "Python/C++ bindings helper module"
optional = false
python-versions = "<3.14,>=3.9"
groups = ["main"]
files = [
    {file = "shiboken6-6.10.0-cp39-abi3-macosx_13_0_universal2.whl", hash = "sha256:7a5f5f400ebfb3a13616030815708289c2154e701a60b9db7833b843e0bee543"},
    {file = "shiboken6-6.10.0-cp39-abi3-manylinux_2_34_x86_64.whl", hash = "sha256:e612734da515d683696980107cdc0396a3ae0f07b059f0f422ec8a2333810234"},
    {file = "shiboken6-6.10.0-cp39-abi3-manylinux_2_39_aarch64.whl", hash = "sha256:b01377e68d14132360efb0f4b7233006d26aa8ae9bb50edf00960c2a5f52d148"},
    {file = "shiboken6-6.10.0-cp39-abi3-win_amd64.whl", hash = "sha256:0bc5631c1bf150cbef768a17f5f289aae1cb4db6c6b0c19b2421394e27783717"},
    {file = "shiboken6-6.10.0-cp39-abi3-win_arm64.whl", hash = "sha256:dfc4beab5fec7dbbebbb418f3bf99af865d6953aa0795435563d4cbb82093b61"},
]

[metadata]
lock-version = "2.1"
python-versions = ">=3.9,<3.14"
content-hash = "48d7ded1cb31f9fd066843dfc9068d7d9e63e5eaeae7f51dd6b2df8ee96af5bd"
