# This file is automatically @generated by Poetry 2.1.2 and should not be changed by hand.

[[package]]
name = "libmidi"
version = "1.1.0"
description = "MIDI library"
optional = false
python-versions = ">=3.8,<4.0"
groups = ["main"]
files = [
    {file = "libmidi-1.1.0-py3-none-any.whl", hash = "sha256:825d9711ba0c8d2a27150112f0a84e166a65fa703cb293549ac9b56f686b79d2"},
    {file = "libmidi-1.1.0.tar.gz", hash = "sha256:119e70134cd059fad8bdb335b948d7d6187e6dc9b9458699cee1338b4776a100"},
]

[package.extras]
docs = ["sphinx (>=5.0.1,<6.0.0)", "sphinx-rtd-theme (>=1.0.0,<2.0.0)"]

[[package]]
name = "libmidi-io"
version = "1.1.0"
description = "MIDI I/O utils"
optional = false
python-versions = "<4.0,>=3.8"
groups = ["main"]
files = [
    {file = "libmidi_io-1.1.0-py3-none-any.whl", hash = "sha256:39f210403501f87a52598d52db4e596c743507ba66848ec6b56551252120db23"},
    {file = "libmidi_io-1.1.0.tar.gz", hash = "sha256:5d6abbf46855efe99ffc0941f3f46eeb42a3120dd72b9a33743062dd2f276715"},
]

[package.dependencies]
libmidi = ">=1.1.0,<2.0.0"

[[package]]
name = "pyside6"
version = "6.9.2"
description = "Python bindings for the Qt cross-platform application and UI framework"
optional = false
python-versions = "<3.14,>=3.9"
groups = ["main"]
files = [
    {file = "pyside6-6.9.2-cp39-abi3-macosx_12_0_universal2.whl", hash = "sha256:71245c76bfbe5c41794ffd8546730ec7cc869d4bbe68535639e026e4ef8a7714"},
    {file = "pyside6-6.9.2-cp39-abi3-manylinux_2_28_x86_64.whl", hash = "sha256:64a9e2146e207d858e00226f68d7c1b4ab332954742a00dcabb721bb9e4aa0cd"},
    {file = "pyside6-6.9.2-cp39-abi3-manylinux_2_39_aarch64.whl", hash = "sha256:a78fad16241a1f2ed0fa0098cf3d621f591fc75b4badb7f3fa3959c9d861c806"},
    {file = "pyside6-6.9.2-cp39-abi3-win_amd64.whl", hash = "sha256:d1afbf48f9a5612b9ee2dc7c384c1a65c08b5830ba5e7d01f66d82678e5459df"},
    {file = "pyside6-6.9.2-cp39-abi3-win_arm64.whl", hash = "sha256:1499b1d7629ab92119118e2636b4ace836b25e457ddf01003fdca560560b8c0a"},
]

[package.dependencies]
PySide6_Addons = "6.9.2"
PySide6_Essentials = "6.9.2"
shiboken6 = "6.9.2"

[[package]]
name = "pyside6-addons"
version = "6.9.2"
description = "Python bindings for the Qt cross-platform application and UI framework (Addons)"
optional = false
python-versions = "<3.14,>=3.9"
groups = ["main"]
files = [
    {file = "pyside6_addons-6.9.2-cp39-abi3-macosx_12_0_universal2.whl", hash = "sha256:7019fdcc0059626eb1608b361371f4dc8cb7f2d02f066908fd460739ff5a07cd"},
    {file = "pyside6_addons-6.9.2-cp39-abi3-manylinux_2_28_x86_64.whl", hash = "sha256:24350e5415317f269e743d1f7b4933fe5f59d90894aa067676c9ce6bfe9e7988"},
    {file = "pyside6_addons-6.9.2-cp39-abi3-manylinux_2_39_aarch64.whl", hash = "sha256:af8dee517de8d336735a6543f7dd496eb580e852c14b4d2304b890e2a29de499"},
    {file = "pyside6_addons-6.9.2-cp39-abi3-win_amd64.whl", hash = "sha256:98d2413904ee4b2b754b077af7875fa6ec08468c01a6628a2c9c3d2cece4874f"},
    {file = "pyside6_addons-6.9.2-cp39-abi3-win_arm64.whl", hash = "sha256:b430cae782ff1a99fb95868043557f22c31b30c94afb9cf73278584e220a2ab6"},
]

[package.dependencies]
PySide6_Essentials = "6.9.2"
shiboken6 = "6.9.2"

[[package]]
name = "pyside6-essentials"
version = "6.9.2"
description = "Python bindings for the Qt cross-platform application and UI framework (Essentials)"
optional = false
python-versions = "<3.14,>=3.9"
groups = ["main"]
files = [
    {file = "pyside6_essentials-6.9.2-cp39-abi3-macosx_12_0_universal2.whl", hash = "sha256:713eb8dcbb016ff10e6fca129c1bf2a0fd8cfac979e689264e0be3b332f9398e"},
    {file = "pyside6_essentials-6.9.2-cp39-abi3-manylinux_2_28_x86_64.whl", hash = "sha256:84b8ca4fa56506e2848bdb4c7a0851a5e7adcb916bef9bce25ce2eeb6c7002cc"},
    {file = "pyside6_essentials-6.9.2-cp39-abi3-manylinux_2_39_aarch64.whl", hash = "sha256:d0f701503974bd51b408966539aa6956f3d8536e547ea8002fbfb3d77796bbc3"},
    {file = "pyside6_essentials-6.9.2-cp39-abi3-win_amd64.whl", hash = "sha256:b2f746f795138ac63eb173f9850a6db293461a1b6ce22cf6dafac7d194a38951"},
    {file = "pyside6_essentials-6.9.2-cp39-abi3-win_arm64.whl", hash = "sha256:ecd7b5cd9e271f397fb89a6357f4ec301d8163e50869c6c557f9ccc6bed42789"},
]

[package.dependencies]
shiboken6 = "6.9.2"

[[package]]
name = "shiboken6"
version = "6.9.2"
description = "Python/C++ bindings helper module"
optional = false
python-versions = "<3.14,>=3.9"
groups = ["main"]
files = [
    {file = "shiboken6-6.9.2-cp39-abi3-macosx_12_0_universal2.whl", hash = "sha256:8bb1c4326330e53adeac98bfd9dcf57f5173a50318a180938dcc4825d9ca38da"},
    {file = "shiboken6-6.9.2-cp39-abi3-manylinux_2_28_x86_64.whl", hash = "sha256:3b54c0a12ea1b03b9dc5dcfb603c366e957dc75341bf7cb1cc436d0d848308ee"},
    {file = "shiboken6-6.9.2-cp39-abi3-manylinux_2_39_aarch64.whl", hash = "sha256:a5f5985938f5acb604c23536a0ff2efb3cccb77d23da91fbaff8fd8ded3dceb4"},
    {file = "shiboken6-6.9.2-cp39-abi3-win_amd64.whl", hash = "sha256:68c33d565cd4732be762d19ff67dfc53763256bac413d392aa8598b524980bc4"},
    {file = "shiboken6-6.9.2-cp39-abi3-win_arm64.whl", hash = "sha256:c5b827797b3d89d9b9a3753371ff533fcd4afc4531ca51a7c696952132098054"},
]

[metadata]
lock-version = "2.1"
python-versions = ">=3.9,<3.14"
content-hash = "48d7ded1cb31f9fd066843dfc9068d7d9e63e5eaeae7f51dd6b2df8ee96af5bd"
